
Microsoft Visual Studio Solution File, Format Version 12.00
# Visual Studio Version 17
VisualStudioVersion = 17.7.34202.233
MinimumVisualStudioVersion = 10.0.40219.1
Project("{FAE04EC0-301F-11D3-BF4B-00C04F79EFBC}") = "WindowsAppГришин.Титова.Самойленко", "WindowsAppГришин.Титова.Самойленко\WindowsAppГришин.Титова.Самойленко.csproj", "{DDBB0C50-76CD-46A6-923D-CB2B38D0DD8F}"
EndProject
Global
	GlobalSection(SolutionConfigurationPlatforms) = preSolution
		Debug|Any CPU = Debug|Any CPU
		Release|Any CPU = Release|Any CPU
	EndGlobalSection
	GlobalSection(ProjectConfigurationPlatforms) = postSolution
		{DDBB0C50-76CD-46A6-923D-CB2B38D0DD8F}.Debug|Any CPU.ActiveCfg = Debug|Any CPU
		{DDBB0C50-76CD-46A6-923D-CB2B38D0DD8F}.Debug|Any CPU.Build.0 = Debug|Any CPU
		{DDBB0C50-76CD-46A6-923D-CB2B38D0DD8F}.Release|Any CPU.ActiveCfg = Release|Any CPU
		{DDBB0C50-76CD-46A6-923D-CB2B38D0DD8F}.Release|Any CPU.Build.0 = Release|Any CPU
	EndGlobalSection
	GlobalSection(SolutionProperties) = preSolution
		HideSolutionNode = FALSE
	EndGlobalSection
	GlobalSection(ExtensibilityGlobals) = postSolution
		SolutionGuid = {78A89F58-7FF2-47EF-9658-FB591F7F1233}
	EndGlobalSection
EndGlobal
